// !$*UTF8*$!
{
	archiveVersion = 1;
	classes = {
	};
	objectVersion = 48;
	objects = {

/* Begin PBXBuildFile section */
		2568E66920301B7B00AE72DF /* AppDelegate.swift in Sources */ = {isa = PBXBuildFile; fileRef = 2568E66820301B7B00AE72DF /* AppDelegate.swift */; };
		2568E66B20301B7B00AE72DF /* MapVC.swift in Sources */ = {isa = PBXBuildFile; fileRef = 2568E66A20301B7B00AE72DF /* MapVC.swift */; };
		2568E66E20301B7B00AE72DF /* Main.storyboard in Resources */ = {isa = PBXBuildFile; fileRef = 2568E66C20301B7B00AE72DF /* Main.storyboard */; };
		2568E67020301B7B00AE72DF /* Assets.xcassets in Resources */ = {isa = PBXBuildFile; fileRef = 2568E66F20301B7B00AE72DF /* Assets.xcassets */; };
		2568E67320301B7B00AE72DF /* LaunchScreen.storyboard in Resources */ = {isa = PBXBuildFile; fileRef = 2568E67120301B7B00AE72DF /* LaunchScreen.storyboard */; };
		2568E67F20301C3900AE72DF /* Constants.swift in Sources */ = {isa = PBXBuildFile; fileRef = 2568E67E20301C3900AE72DF /* Constants.swift */; };
		2568E6812030376000AE72DF /* DroppablePin.swift in Sources */ = {isa = PBXBuildFile; fileRef = 2568E6802030376000AE72DF /* DroppablePin.swift */; };
		B14F4CCD5C89547C667A18E3 /* Pods_pixelCity.framework in Frameworks */ = {isa = PBXBuildFile; fileRef = F49566BBDE1CAEA4917A7C07 /* Pods_pixelCity.framework */; };
/* End PBXBuildFile section */

/* Begin PBXFileReference section */
		2568E66520301B7B00AE72DF /* pixelCity.app */ = {isa = PBXFileReference; explicitFileType = wrapper.application; includeInIndex = 0; path = pixelCity.app; sourceTree = BUILT_PRODUCTS_DIR; };
		2568E66820301B7B00AE72DF /* AppDelegate.swift */ = {isa = PBXFileReference; lastKnownFileType = sourcecode.swift; path = AppDelegate.swift; sourceTree = "<group>"; };
		2568E66A20301B7B00AE72DF /* MapVC.swift */ = {isa = PBXFileReference; lastKnownFileType = sourcecode.swift; path = MapVC.swift; sourceTree = "<group>"; };
		2568E66D20301B7B00AE72DF /* Base */ = {isa = PBXFileReference; lastKnownFileType = file.storyboard; name = Base; path = Base.lproj/Main.storyboard; sourceTree = "<group>"; };
		2568E66F20301B7B00AE72DF /* Assets.xcassets */ = {isa = PBXFileReference; lastKnownFileType = folder.assetcatalog; path = Assets.xcassets; sourceTree = "<group>"; };
		2568E67220301B7B00AE72DF /* Base */ = {isa = PBXFileReference; lastKnownFileType = file.storyboard; name = Base; path = Base.lproj/LaunchScreen.storyboard; sourceTree = "<group>"; };
		2568E67420301B7B00AE72DF /* Info.plist */ = {isa = PBXFileReference; lastKnownFileType = text.plist.xml; path = Info.plist; sourceTree = "<group>"; };
		2568E67E20301C3900AE72DF /* Constants.swift */ = {isa = PBXFileReference; lastKnownFileType = sourcecode.swift; path = Constants.swift; sourceTree = "<group>"; };
		2568E6802030376000AE72DF /* DroppablePin.swift */ = {isa = PBXFileReference; lastKnownFileType = sourcecode.swift; path = DroppablePin.swift; sourceTree = "<group>"; };
		C1058F1CEE051E373C8DC179 /* Pods-pixelCity.release.xcconfig */ = {isa = PBXFileReference; includeInIndex = 1; lastKnownFileType = text.xcconfig; name = "Pods-pixelCity.release.xcconfig"; path = "Pods/Target Support Files/Pods-pixelCity/Pods-pixelCity.release.xcconfig"; sourceTree = "<group>"; };
		DDD90584E97C5E39BFDF431F /* Pods-pixelCity.debug.xcconfig */ = {isa = PBXFileReference; includeInIndex = 1; lastKnownFileType = text.xcconfig; name = "Pods-pixelCity.debug.xcconfig"; path = "Pods/Target Support Files/Pods-pixelCity/Pods-pixelCity.debug.xcconfig"; sourceTree = "<group>"; };
		F49566BBDE1CAEA4917A7C07 /* Pods_pixelCity.framework */ = {isa = PBXFileReference; explicitFileType = wrapper.framework; includeInIndex = 0; path = Pods_pixelCity.framework; sourceTree = BUILT_PRODUCTS_DIR; };
/* End PBXFileReference section */

/* Begin PBXFrameworksBuildPhase section */
		2568E66220301B7B00AE72DF /* Frameworks */ = {
			isa = PBXFrameworksBuildPhase;
			buildActionMask = 2147483647;
			files = (
				B14F4CCD5C89547C667A18E3 /* Pods_pixelCity.framework in Frameworks */,
			);
			runOnlyForDeploymentPostprocessing = 0;
		};
/* End PBXFrameworksBuildPhase section */

/* Begin PBXGroup section */
		2568E65C20301B7B00AE72DF = {
			isa = PBXGroup;
			children = (
				2568E66720301B7B00AE72DF /* pixelCity */,
				2568E66620301B7B00AE72DF /* Products */,
				B872107A7390C478C3ADACD7 /* Pods */,
				42391430A1B30A22AA634201 /* Frameworks */,
			);
			sourceTree = "<group>";
		};
		2568E66620301B7B00AE72DF /* Products */ = {
			isa = PBXGroup;
			children = (
				2568E66520301B7B00AE72DF /* pixelCity.app */,
			);
			name = Products;
			sourceTree = "<group>";
		};
		2568E66720301B7B00AE72DF /* pixelCity */ = {
			isa = PBXGroup;
			children = (
				2568E67D20301C0E00AE72DF /* Model */,
				2568E67B20301BC000AE72DF /* View */,
				2568E67A20301BB000AE72DF /* Contoller */,
				2568E66820301B7B00AE72DF /* AppDelegate.swift */,
				2568E66C20301B7B00AE72DF /* Main.storyboard */,
				2568E66F20301B7B00AE72DF /* Assets.xcassets */,
				2568E67120301B7B00AE72DF /* LaunchScreen.storyboard */,
				2568E67420301B7B00AE72DF /* Info.plist */,
			);
			path = pixelCity;
			sourceTree = "<group>";
		};
		2568E67A20301BB000AE72DF /* Contoller */ = {
			isa = PBXGroup;
			children = (
				2568E66A20301B7B00AE72DF /* MapVC.swift */,
			);
			path = Contoller;
			sourceTree = "<group>";
		};
		2568E67B20301BC000AE72DF /* View */ = {
			isa = PBXGroup;
			children = (
				2568E6802030376000AE72DF /* DroppablePin.swift */,
			);
			path = View;
			sourceTree = "<group>";
		};
		2568E67D20301C0E00AE72DF /* Model */ = {
			isa = PBXGroup;
			children = (
				2568E67E20301C3900AE72DF /* Constants.swift */,
			);
			path = Model;
			sourceTree = "<group>";
		};
		42391430A1B30A22AA634201 /* Frameworks */ = {
			isa = PBXGroup;
			children = (
				F49566BBDE1CAEA4917A7C07 /* Pods_pixelCity.framework */,
			);
			name = Frameworks;
			sourceTree = "<group>";
		};
		B872107A7390C478C3ADACD7 /* Pods */ = {
			isa = PBXGroup;
			children = (
				DDD90584E97C5E39BFDF431F /* Pods-pixelCity.debug.xcconfig */,
				C1058F1CEE051E373C8DC179 /* Pods-pixelCity.release.xcconfig */,
			);
			name = Pods;
			sourceTree = "<group>";
		};
/* End PBXGroup section */

/* Begin PBXNativeTarget section */
		2568E66420301B7B00AE72DF /* pixelCity */ = {
			isa = PBXNativeTarget;
			buildConfigurationList = 2568E67720301B7B00AE72DF /* Build configuration list for PBXNativeTarget "pixelCity" */;
			buildPhases = (
				A121127210731359000369DD /* [CP] Check Pods Manifest.lock */,
				2568E66120301B7B00AE72DF /* Sources */,
				2568E66220301B7B00AE72DF /* Frameworks */,
				2568E66320301B7B00AE72DF /* Resources */,
				AC43971A0519D20C906AB31B /* [CP] Embed Pods Frameworks */,
				BF9F847F6A25B1127D601E81 /* [CP] Copy Pods Resources */,
			);
			buildRules = (
			);
			dependencies = (
			);
			name = pixelCity;
			productName = pixelCity;
			productReference = 2568E66520301B7B00AE72DF /* pixelCity.app */;
			productType = "com.apple.product-type.application";
		};
/* End PBXNativeTarget section */

/* Begin PBXProject section */
		2568E65D20301B7B00AE72DF /* Project object */ = {
			isa = PBXProject;
			attributes = {
				LastSwiftUpdateCheck = 0920;
				LastUpgradeCheck = 0920;
				ORGANIZATIONNAME = Medhatm3bd;
				TargetAttributes = {
					2568E66420301B7B00AE72DF = {
						CreatedOnToolsVersion = 9.2;
						ProvisioningStyle = Automatic;
					};
				};
			};
			buildConfigurationList = 2568E66020301B7B00AE72DF /* Build configuration list for PBXProject "pixelCity" */;
			compatibilityVersion = "Xcode 8.0";
			developmentRegion = en;
			hasScannedForEncodings = 0;
			knownRegions = (
				en,
				Base,
			);
			mainGroup = 2568E65C20301B7B00AE72DF;
			productRefGroup = 2568E66620301B7B00AE72DF /* Products */;
			projectDirPath = "";
			projectRoot = "";
			targets = (
				2568E66420301B7B00AE72DF /* pixelCity */,
			);
		};
/* End PBXProject section */

/* Begin PBXResourcesBuildPhase section */
		2568E66320301B7B00AE72DF /* Resources */ = {
			isa = PBXResourcesBuildPhase;
			buildActionMask = 2147483647;
			files = (
				2568E67320301B7B00AE72DF /* LaunchScreen.storyboard in Resources */,
				2568E67020301B7B00AE72DF /* Assets.xcassets in Resources */,
				2568E66E20301B7B00AE72DF /* Main.storyboard in Resources */,
			);
			runOnlyForDeploymentPostprocessing = 0;
		};
/* End PBXResourcesBuildPhase section */

/* Begin PBXShellScriptBuildPhase section */
		A121127210731359000369DD /* [CP] Check Pods Manifest.lock */ = {
			isa = PBXShellScriptBuildPhase;
			buildActionMask = 2147483647;
			files = (
			);
			inputPaths = (
			);
			name = "[CP] Check Pods Manifest.lock";
			outputPaths = (
			);
			runOnlyForDeploymentPostprocessing = 0;
			shellPath = /bin/sh;
			shellScript = "diff \"${PODS_ROOT}/../Podfile.lock\" \"${PODS_ROOT}/Manifest.lock\" > /dev/null\nif [ $? != 0 ] ; then\n    # print error to STDERR\n    echo \"error: The sandbox is not in sync with the Podfile.lock. Run 'pod install' or update your CocoaPods installation.\" >&2\n    exit 1\nfi\n";
			showEnvVarsInLog = 0;
		};
		AC43971A0519D20C906AB31B /* [CP] Embed Pods Frameworks */ = {
			isa = PBXShellScriptBuildPhase;
			buildActionMask = 2147483647;
			files = (
			);
			inputPaths = (
			);
			name = "[CP] Embed Pods Frameworks";
			outputPaths = (
			);
			runOnlyForDeploymentPostprocessing = 0;
			shellPath = /bin/sh;
			shellScript = "\"${SRCROOT}/Pods/Target Support Files/Pods-pixelCity/Pods-pixelCity-frameworks.sh\"\n";
			showEnvVarsInLog = 0;
		};
		BF9F847F6A25B1127D601E81 /* [CP] Copy Pods Resources */ = {
			isa = PBXShellScriptBuildPhase;
			buildActionMask = 2147483647;
			files = (
			);
			inputPaths = (
			);
			name = "[CP] Copy Pods Resources";
			outputPaths = (
			);
			runOnlyForDeploymentPostprocessing = 0;
			shellPath = /bin/sh;
			shellScript = "\"${SRCROOT}/Pods/Target Support Files/Pods-pixelCity/Pods-pixelCity-resources.sh\"\n";
			showEnvVarsInLog = 0;
		};
/* End PBXShellScriptBuildPhase section */

/* Begin PBXSourcesBuildPhase section */
		2568E66120301B7B00AE72DF /* Sources */ = {
			isa = PBXSourcesBuildPhase;
			buildActionMask = 2147483647;
			files = (
				2568E66B20301B7B00AE72DF /* MapVC.swift in Sources */,
				2568E6812030376000AE72DF /* DroppablePin.swift in Sources */,
				2568E67F20301C3900AE72DF /* Constants.swift in Sources */,
				2568E66920301B7B00AE72DF /* AppDelegate.swift in Sources */,
			);
			runOnlyForDeploymentPostprocessing = 0;
		};
/* End PBXSourcesBuildPhase section */

/* Begin PBXVariantGroup section */
		2568E66C20301B7B00AE72DF /* Main.storyboard */ = {
			isa = PBXVariantGroup;
			children = (
				2568E66D20301B7B00AE72DF /* Base */,
			);
			name = Main.storyboard;
			sourceTree = "<group>";
		};
		2568E67120301B7B00AE72DF /* LaunchScreen.storyboard */ = {
			isa = PBXVariantGroup;
			children = (
				2568E67220301B7B00AE72DF /* Base */,
			);
			name = LaunchScreen.storyboard;
			sourceTree = "<group>";
		};
/* End PBXVariantGroup section */

/* Begin XCBuildConfiguration section */
		2568E67520301B7B00AE72DF /* Debug */ = {
			isa = XCBuildConfiguration;
			buildSettings = {
				ALWAYS_SEARCH_USER_PATHS = NO;
				CLANG_ANALYZER_NONNULL = YES;
				CLANG_ANALYZER_NUMBER_OBJECT_CONVERSION = YES_AGGRESSIVE;
				CLANG_CXX_LANGUAGE_STANDARD = "gnu++14";
				CLANG_CXX_LIBRARY = "libc++";
				CLANG_ENABLE_MODULES = YES;
				CLANG_ENABLE_OBJC_ARC = YES;
				CLANG_WARN_BLOCK_CAPTURE_AUTORELEASING = YES;
				CLANG_WARN_BOOL_CONVERSION = YES;
				CLANG_WARN_COMMA = YES;
				CLANG_WARN_CONSTANT_CONVERSION = YES;
				CLANG_WARN_DIRECT_OBJC_ISA_USAGE = YES_ERROR;
				CLANG_WARN_DOCUMENTATION_COMMENTS = YES;
				CLANG_WARN_EMPTY_BODY = YES;
				CLANG_WARN_ENUM_CONVERSION = YES;
				CLANG_WARN_INFINITE_RECURSION = YES;
				CLANG_WARN_INT_CONVERSION = YES;
				CLANG_WARN_NON_LITERAL_NULL_CONVERSION = YES;
				CLANG_WARN_OBJC_LITERAL_CONVERSION = YES;
				CLANG_WARN_OBJC_ROOT_CLASS = YES_ERROR;
				CLANG_WARN_RANGE_LOOP_ANALYSIS = YES;
				CLANG_WARN_STRICT_PROTOTYPES = YES;
				CLANG_WARN_SUSPICIOUS_MOVE = YES;
				CLANG_WARN_UNGUARDED_AVAILABILITY = YES_AGGRESSIVE;
				CLANG_WARN_UNREACHABLE_CODE = YES;
				CLANG_WARN__DUPLICATE_METHOD_MATCH = YES;
				CODE_SIGN_IDENTITY = "iPhone Developer";
				COPY_PHASE_STRIP = NO;
				DEBUG_INFORMATION_FORMAT = dwarf;
				ENABLE_STRICT_OBJC_MSGSEND = YES;
				ENABLE_TESTABILITY = YES;
				GCC_C_LANGUAGE_STANDARD = gnu11;
				GCC_DYNAMIC_NO_PIC = NO;
				GCC_NO_COMMON_BLOCKS = YES;
				GCC_OPTIMIZATION_LEVEL = 0;
				GCC_PREPROCESSOR_DEFINITIONS = (
					"DEBUG=1",
					"$(inherited)",
				);
				GCC_WARN_64_TO_32_BIT_CONVERSION = YES;
				GCC_WARN_ABOUT_RETURN_TYPE = YES_ERROR;
				GCC_WARN_UNDECLARED_SELECTOR = YES;
				GCC_WARN_UNINITIALIZED_AUTOS = YES_AGGRESSIVE;
				GCC_WARN_UNUSED_FUNCTION = YES;
				GCC_WARN_UNUSED_VARIABLE = YES;
				IPHONEOS_DEPLOYMENT_TARGET = 11.2;
				MTL_ENABLE_DEBUG_INFO = YES;
				ONLY_ACTIVE_ARCH = YES;
				SDKROOT = iphoneos;
				SWIFT_ACTIVE_COMPILATION_CONDITIONS = DEBUG;
				SWIFT_OPTIMIZATION_LEVEL = "-Onone";
			};
			name = Debug;
		};
		2568E67620301B7B00AE72DF /* Release */ = {
			isa = XCBuildConfiguration;
			buildSettings = {
				ALWAYS_SEARCH_USER_PATHS = NO;
				CLANG_ANALYZER_NONNULL = YES;
				CLANG_ANALYZER_NUMBER_OBJECT_CONVERSION = YES_AGGRESSIVE;
				CLANG_CXX_LANGUAGE_STANDARD = "gnu++14";
				CLANG_CXX_LIBRARY = "libc++";
				CLANG_ENABLE_MODULES = YES;
				CLANG_ENABLE_OBJC_ARC = YES;
				CLANG_WARN_BLOCK_CAPTURE_AUTORELEASING = YES;
				CLANG_WARN_BOOL_CONVERSION = YES;
				CLANG_WARN_COMMA = YES;
				CLANG_WARN_CONSTANT_CONVERSION = YES;
				CLANG_WARN_DIRECT_OBJC_ISA_USAGE = YES_ERROR;
				CLANG_WARN_DOCUMENTATION_COMMENTS = YES;
				CLANG_WARN_EMPTY_BODY = YES;
				CLANG_WARN_ENUM_CONVERSION = YES;
				CLANG_WARN_INFINITE_RECURSION = YES;
				CLANG_WARN_INT_CONVERSION = YES;
				CLANG_WARN_NON_LITERAL_NULL_CONVERSION = YES;
				CLANG_WARN_OBJC_LITERAL_CONVERSION = YES;
				CLANG_WARN_OBJC_ROOT_CLASS = YES_ERROR;
				CLANG_WARN_RANGE_LOOP_ANALYSIS = YES;
				CLANG_WARN_STRICT_PROTOTYPES = YES;
				CLANG_WARN_SUSPICIOUS_MOVE = YES;
				CLANG_WARN_UNGUARDED_AVAILABILITY = YES_AGGRESSIVE;
				CLANG_WARN_UNREACHABLE_CODE = YES;
				CLANG_WARN__DUPLICATE_METHOD_MATCH = YES;
				CODE_SIGN_IDENTITY = "iPhone Developer";
				COPY_PHASE_STRIP = NO;
				DEBUG_INFORMATION_FORMAT = "dwarf-with-dsym";
				ENABLE_NS_ASSERTIONS = NO;
				ENABLE_STRICT_OBJC_MSGSEND = YES;
				GCC_C_LANGUAGE_STANDARD = gnu11;
				GCC_NO_COMMON_BLOCKS = YES;
				GCC_WARN_64_TO_32_BIT_CONVERSION = YES;
				GCC_WARN_ABOUT_RETURN_TYPE = YES_ERROR;
				GCC_WARN_UNDECLARED_SELECTOR = YES;
				GCC_WARN_UNINITIALIZED_AUTOS = YES_AGGRESSIVE;
				GCC_WARN_UNUSED_FUNCTION = YES;
				GCC_WARN_UNUSED_VARIABLE = YES;
				IPHONEOS_DEPLOYMENT_TARGET = 11.2;
				MTL_ENABLE_DEBUG_INFO = NO;
				SDKROOT = iphoneos;
				SWIFT_OPTIMIZATION_LEVEL = "-Owholemodule";
				VALIDATE_PRODUCT = YES;
			};
			name = Release;
		};
		2568E67820301B7B00AE72DF /* Debug */ = {
			isa = XCBuildConfiguration;
			baseConfigurationReference = DDD90584E97C5E39BFDF431F /* Pods-pixelCity.debug.xcconfig */;
			buildSettings = {
				ASSETCATALOG_COMPILER_APPICON_NAME = AppIcon;
				CODE_SIGN_STYLE = Automatic;
				INFOPLIST_FILE = pixelCity/Info.plist;
				LD_RUNPATH_SEARCH_PATHS = "$(inherited) @executable_path/Frameworks";
				PRODUCT_BUNDLE_IDENTIFIER = medhat.pixelCity;
				PRODUCT_NAME = "$(TARGET_NAME)";
				SWIFT_VERSION = 4.0;
				TARGETED_DEVICE_FAMILY = "1,2";
			};
			name = Debug;
		};
		2568E67920301B7B00AE72DF /* Release */ = {
			isa = XCBuildConfiguration;
			baseConfigurationReference = C1058F1CEE051E373C8DC179 /* Pods-pixelCity.release.xcconfig */;
			buildSettings = {
				ASSETCATALOG_COMPILER_APPICON_NAME = AppIcon;
				CODE_SIGN_STYLE = Automatic;
				INFOPLIST_FILE = pixelCity/Info.plist;
				LD_RUNPATH_SEARCH_PATHS = "$(inherited) @executable_path/Frameworks";
				PRODUCT_BUNDLE_IDENTIFIER = medhat.pixelCity;
				PRODUCT_NAME = "$(TARGET_NAME)";
				SWIFT_VERSION = 4.0;
				TARGETED_DEVICE_FAMILY = "1,2";
			};
			name = Release;
		};
/* End XCBuildConfiguration section */

/* Begin XCConfigurationList section */
		2568E66020301B7B00AE72DF /* Build configuration list for PBXProject "pixelCity" */ = {
			isa = XCConfigurationList;
			buildConfigurations = (
				2568E67520301B7B00AE72DF /* Debug */,
				2568E67620301B7B00AE72DF /* Release */,
			);
			defaultConfigurationIsVisible = 0;
			defaultConfigurationName = Release;
		};
		2568E67720301B7B00AE72DF /* Build configuration list for PBXNativeTarget "pixelCity" */ = {
			isa = XCConfigurationList;
			buildConfigurations = (
				2568E67820301B7B00AE72DF /* Debug */,
				2568E67920301B7B00AE72DF /* Release */,
			);
			defaultConfigurationIsVisible = 0;
			defaultConfigurationName = Release;
		};
/* End XCConfigurationList section */
	};
	rootObject = 2568E65D20301B7B00AE72DF /* Project object */;
}
